
Microsoft Visual Studio Solution File, Format Version 12.00
# Visual Studio Version 16
VisualStudioVersion = 16.0.34931.43
MinimumVisualStudioVersion = 10.0.40219.1
Project("{FAE04EC0-301F-11D3-BF4B-00C04F79EFBC}") = "Manager", "Manager\Manager.csproj", "{AB4B9B6D-652D-4557-9E24-C6B6B9B1C085}"
EndProject
Global
	GlobalSection(SolutionConfigurationPlatforms) = preSolution
		Debug|Any CPU = Debug|Any CPU
		Release|Any CPU = Release|Any CPU
	EndGlobalSection
	GlobalSection(ProjectConfigurationPlatforms) = postSolution
		{AB4B9B6D-652D-4557-9E24-C6B6B9B1C085}.Debug|Any CPU.ActiveCfg = Debug|Any CPU
		{AB4B9B6D-652D-4557-9E24-C6B6B9B1C085}.Debug|Any CPU.Build.0 = Debug|Any CPU
		{AB4B9B6D-652D-4557-9E24-C6B6B9B1C085}.Release|Any CPU.ActiveCfg = Release|Any CPU
		{AB4B9B6D-652D-4557-9E24-C6B6B9B1C085}.Release|Any CPU.Build.0 = Release|Any CPU
	EndGlobalSection
	GlobalSection(SolutionProperties) = preSolution
		HideSolutionNode = FALSE
	EndGlobalSection
	GlobalSection(ExtensibilityGlobals) = postSolution
		SolutionGuid = {07E2CE71-C814-48CA-A874-12E147576B50}
	EndGlobalSection
EndGlobal
